{
  "name": "creamy",
  "version": "1.2.0",
  "lockfileVersion": 1,
  "requires": true,
  "dependencies": {
    "chickpea": {
      "version": "1.5.0",
      "resolved": "https://registry.npmjs.org/chickpea/-/chickpea-1.5.0.tgz",
      "integrity": "sha512-VZ3bwrlR0zzFy6MlFeRimmd+iw22WKv8k+pYfNuoEbx1m8zKAz0/fBB0A2x4GmZquY+pHRDH+51jZ5AmHcRNZw==",
      "requires": {
        "commander": "^2.15.1",
        "lodash.kebabcase": "^4.1.1"
      }
    },
    "commander": {
      "version": "2.15.1",
      "resolved": "https://registry.npmjs.org/commander/-/commander-2.15.1.tgz",
      "integrity": "sha512-VlfT9F3V0v+jr4yxPc5gg9s62/fIVWsd2Bk2iD435um1NlGMYdVCq+MjcXnhYq2icNOizHr1kK+5TI6H0Hy0ag=="
    },
    "lodash.kebabcase": {
      "version": "4.1.1",
      "resolved": "https://registry.npmjs.org/lodash.kebabcase/-/lodash.kebabcase-4.1.1.tgz",
      "integrity": "sha1-hImxyw0p/4gZXM7KRI/21swpXDY="
    },
    "phantasm": {
      "version": "1.2.0",
      "resolved": "https://registry.npmjs.org/phantasm/-/phantasm-1.2.0.tgz",
      "integrity": "sha512-zi9MDTsWXfZXCGEsgAjFYh7iCkkucU4YCs96ue+7WjGcHsmFnwbmg+5oTT+GDOqAICEfbwslZC/3aKnNzkznvw=="
    },
    "pngjs": {
      "version": "3.3.3",
      "resolved": "https://registry.npmjs.org/pngjs/-/pngjs-3.3.3.tgz",
      "integrity": "sha512-1n3Z4p3IOxArEs1VRXnZ/RXdfEniAUS9jb68g58FIXMNkPJeZd+Qh4Uq7/e0LVxAQGos1eIUrqrt4FpjdnEd+Q=="
    },
    "spue": {
      "version": "1.2.0",
      "resolved": "https://registry.npmjs.org/spue/-/spue-1.2.0.tgz",
      "integrity": "sha512-eM6m6LXEx3QONAQPeA8K1P/9/rBDDgV4zXMOl5r8GIC7UlePm+1griPcgStuJVFoZ4/9/YkrqfbYqyhWoATwJA==",
      "requires": {
        "chickpea": "^1.2.0",
        "pngjs": "^3.3.3"
      }
    }
  }
}
